
Microsoft Visual Studio Solution File, Format Version 12.00
# Visual Studio Version 17
VisualStudioVersion = 17.14.36127.28 d17.14
MinimumVisualStudioVersion = 10.0.40219.1
Project("{FAE04EC0-301F-11D3-BF4B-00C04F79EFBC}") = "ChamadoApp", "ChamadoApp\ChamadoApp.csproj", "{A65EF0E4-EF9D-4559-A0E5-4B91BFFFDCA8}"
EndProject
Global
	GlobalSection(SolutionConfigurationPlatforms) = preSolution
		Debug|Any CPU = Debug|Any CPU
		Release|Any CPU = Release|Any CPU
	EndGlobalSection
	GlobalSection(ProjectConfigurationPlatforms) = postSolution
		{A65EF0E4-EF9D-4559-A0E5-4B91BFFFDCA8}.Debug|Any CPU.ActiveCfg = Debug|Any CPU
		{A65EF0E4-EF9D-4559-A0E5-4B91BFFFDCA8}.Debug|Any CPU.Build.0 = Debug|Any CPU
		{A65EF0E4-EF9D-4559-A0E5-4B91BFFFDCA8}.Release|Any CPU.ActiveCfg = Release|Any CPU
		{A65EF0E4-EF9D-4559-A0E5-4B91BFFFDCA8}.Release|Any CPU.Build.0 = Release|Any CPU
	EndGlobalSection
	GlobalSection(SolutionProperties) = preSolution
		HideSolutionNode = FALSE
	EndGlobalSection
	GlobalSection(ExtensibilityGlobals) = postSolution
		SolutionGuid = {D336E4F9-C5A0-4F70-95E1-52DE7D0D7C6F}
	EndGlobalSection
EndGlobal
